
Microsoft Visual Studio Solution File, Format Version 12.00
# Visual Studio Version 17
VisualStudioVersion = 17.0.32014.148
MinimumVisualStudioVersion = 10.0.40219.1
Project("{2150E333-8FDC-42A3-9474-1A3956D46DE8}") = "src", "src", "{3D0956C8-4BD9-41E8-9B95-4B704991904A}"
EndProject
Project("{2150E333-8FDC-42A3-9474-1A3956D46DE8}") = "test", "test", "{13D25A2C-628C-433E-84ED-9B3213DC1D2F}"
EndProject
Project("{2150E333-8FDC-42A3-9474-1A3956D46DE8}") = "Presentation", "Presentation", "{2509559F-E80B-443A-8CC8-7C97C5FB2831}"
EndProject
Project("{2150E333-8FDC-42A3-9474-1A3956D46DE8}") = "Core", "Core", "{78FFAE77-790D-49CA-B951-4FCA55214982}"
EndProject
Project("{2150E333-8FDC-42A3-9474-1A3956D46DE8}") = "Infraestructure", "Infraestructure", "{A4E3CEEA-14A5-4EA4-845D-BD14EEBA2E59}"
EndProject
Project("{9A19103F-16F7-4668-BE54-9A1E7A4F7556}") = "Users.Api", "src\Presentation\Users.Api\Users.Api.csproj", "{A5370AF7-FA74-4CF4-ADCF-7080A165B652}"
EndProject
Project("{9A19103F-16F7-4668-BE54-9A1E7A4F7556}") = "Users.Persistence", "src\Infraestructure\Users.Persistence\Users.Persistence.csproj", "{E68A73B3-B175-4A9D-ABBE-A7F522AC6529}"
EndProject
Project("{9A19103F-16F7-4668-BE54-9A1E7A4F7556}") = "Users.Domain", "src\Core\Users.Domain\Users.Domain.csproj", "{17AC8FF8-408A-415F-8471-FEE4163A7597}"
EndProject
Project("{9A19103F-16F7-4668-BE54-9A1E7A4F7556}") = "Users.Application", "src\Core\Users.Application\Users.Application.csproj", "{AA104564-FA53-46B6-9E75-8E5A4167EE28}"
EndProject
Project("{9A19103F-16F7-4668-BE54-9A1E7A4F7556}") = "Users.Application.Tests", "test\Core\Users.Application.Tests\Users.Application.Tests.csproj", "{BAABE49B-80D8-487F-9595-118ADFC80A11}"
EndProject
Project("{2150E333-8FDC-42A3-9474-1A3956D46DE8}") = "Core", "Core", "{8239DCCD-CCB2-4A92-94F2-F13BB693C611}"
EndProject
Project("{2150E333-8FDC-42A3-9474-1A3956D46DE8}") = "Infraestructure", "Infraestructure", "{0C2662DD-446F-4E52-AE8F-0275006ACB19}"
EndProject
Project("{2150E333-8FDC-42A3-9474-1A3956D46DE8}") = "Presentation", "Presentation", "{61D8B73D-0818-4C86-AE5F-10434AA0B586}"
EndProject
Project("{9A19103F-16F7-4668-BE54-9A1E7A4F7556}") = "Users.Persistence.Tests", "test\Infraestructure\Users.Persistence.Tests\Users.Persistence.Tests.csproj", "{2CBEED55-DC51-4A70-BC9F-4291417898F7}"
EndProject
Project("{9A19103F-16F7-4668-BE54-9A1E7A4F7556}") = "Users.Api.Tests", "test\Presentation\Users.Api.Tests\Users.Api.Tests.csproj", "{90374B96-595B-4424-98FC-EA4E0966C4D5}"
EndProject
Global
	GlobalSection(SolutionConfigurationPlatforms) = preSolution
		Debug|Any CPU = Debug|Any CPU
		Release|Any CPU = Release|Any CPU
	EndGlobalSection
	GlobalSection(ProjectConfigurationPlatforms) = postSolution
		{A5370AF7-FA74-4CF4-ADCF-7080A165B652}.Debug|Any CPU.ActiveCfg = Debug|Any CPU
		{A5370AF7-FA74-4CF4-ADCF-7080A165B652}.Debug|Any CPU.Build.0 = Debug|Any CPU
		{A5370AF7-FA74-4CF4-ADCF-7080A165B652}.Release|Any CPU.ActiveCfg = Release|Any CPU
		{A5370AF7-FA74-4CF4-ADCF-7080A165B652}.Release|Any CPU.Build.0 = Release|Any CPU
		{E68A73B3-B175-4A9D-ABBE-A7F522AC6529}.Debug|Any CPU.ActiveCfg = Debug|Any CPU
		{E68A73B3-B175-4A9D-ABBE-A7F522AC6529}.Debug|Any CPU.Build.0 = Debug|Any CPU
		{E68A73B3-B175-4A9D-ABBE-A7F522AC6529}.Release|Any CPU.ActiveCfg = Release|Any CPU
		{E68A73B3-B175-4A9D-ABBE-A7F522AC6529}.Release|Any CPU.Build.0 = Release|Any CPU
		{17AC8FF8-408A-415F-8471-FEE4163A7597}.Debug|Any CPU.ActiveCfg = Debug|Any CPU
		{17AC8FF8-408A-415F-8471-FEE4163A7597}.Debug|Any CPU.Build.0 = Debug|Any CPU
		{17AC8FF8-408A-415F-8471-FEE4163A7597}.Release|Any CPU.ActiveCfg = Release|Any CPU
		{17AC8FF8-408A-415F-8471-FEE4163A7597}.Release|Any CPU.Build.0 = Release|Any CPU
		{AA104564-FA53-46B6-9E75-8E5A4167EE28}.Debug|Any CPU.ActiveCfg = Debug|Any CPU
		{AA104564-FA53-46B6-9E75-8E5A4167EE28}.Debug|Any CPU.Build.0 = Debug|Any CPU
		{AA104564-FA53-46B6-9E75-8E5A4167EE28}.Release|Any CPU.ActiveCfg = Release|Any CPU
		{AA104564-FA53-46B6-9E75-8E5A4167EE28}.Release|Any CPU.Build.0 = Release|Any CPU
		{BAABE49B-80D8-487F-9595-118ADFC80A11}.Debug|Any CPU.ActiveCfg = Debug|Any CPU
		{BAABE49B-80D8-487F-9595-118ADFC80A11}.Debug|Any CPU.Build.0 = Debug|Any CPU
		{BAABE49B-80D8-487F-9595-118ADFC80A11}.Release|Any CPU.ActiveCfg = Release|Any CPU
		{BAABE49B-80D8-487F-9595-118ADFC80A11}.Release|Any CPU.Build.0 = Release|Any CPU
		{2CBEED55-DC51-4A70-BC9F-4291417898F7}.Debug|Any CPU.ActiveCfg = Debug|Any CPU
		{2CBEED55-DC51-4A70-BC9F-4291417898F7}.Debug|Any CPU.Build.0 = Debug|Any CPU
		{2CBEED55-DC51-4A70-BC9F-4291417898F7}.Release|Any CPU.ActiveCfg = Release|Any CPU
		{2CBEED55-DC51-4A70-BC9F-4291417898F7}.Release|Any CPU.Build.0 = Release|Any CPU
		{90374B96-595B-4424-98FC-EA4E0966C4D5}.Debug|Any CPU.ActiveCfg = Debug|Any CPU
		{90374B96-595B-4424-98FC-EA4E0966C4D5}.Debug|Any CPU.Build.0 = Debug|Any CPU
		{90374B96-595B-4424-98FC-EA4E0966C4D5}.Release|Any CPU.ActiveCfg = Release|Any CPU
		{90374B96-595B-4424-98FC-EA4E0966C4D5}.Release|Any CPU.Build.0 = Release|Any CPU
	EndGlobalSection
	GlobalSection(SolutionProperties) = preSolution
		HideSolutionNode = FALSE
	EndGlobalSection
	GlobalSection(NestedProjects) = preSolution
		{2509559F-E80B-443A-8CC8-7C97C5FB2831} = {3D0956C8-4BD9-41E8-9B95-4B704991904A}
		{78FFAE77-790D-49CA-B951-4FCA55214982} = {3D0956C8-4BD9-41E8-9B95-4B704991904A}
		{A4E3CEEA-14A5-4EA4-845D-BD14EEBA2E59} = {3D0956C8-4BD9-41E8-9B95-4B704991904A}
		{A5370AF7-FA74-4CF4-ADCF-7080A165B652} = {2509559F-E80B-443A-8CC8-7C97C5FB2831}
		{E68A73B3-B175-4A9D-ABBE-A7F522AC6529} = {A4E3CEEA-14A5-4EA4-845D-BD14EEBA2E59}
		{17AC8FF8-408A-415F-8471-FEE4163A7597} = {78FFAE77-790D-49CA-B951-4FCA55214982}
		{AA104564-FA53-46B6-9E75-8E5A4167EE28} = {78FFAE77-790D-49CA-B951-4FCA55214982}
		{BAABE49B-80D8-487F-9595-118ADFC80A11} = {8239DCCD-CCB2-4A92-94F2-F13BB693C611}
		{8239DCCD-CCB2-4A92-94F2-F13BB693C611} = {13D25A2C-628C-433E-84ED-9B3213DC1D2F}
		{0C2662DD-446F-4E52-AE8F-0275006ACB19} = {13D25A2C-628C-433E-84ED-9B3213DC1D2F}
		{61D8B73D-0818-4C86-AE5F-10434AA0B586} = {13D25A2C-628C-433E-84ED-9B3213DC1D2F}
		{2CBEED55-DC51-4A70-BC9F-4291417898F7} = {0C2662DD-446F-4E52-AE8F-0275006ACB19}
		{90374B96-595B-4424-98FC-EA4E0966C4D5} = {61D8B73D-0818-4C86-AE5F-10434AA0B586}
	EndGlobalSection
	GlobalSection(ExtensibilityGlobals) = postSolution
		SolutionGuid = {DEAB26B2-C410-4A36-8BD0-C237795BAEDF}
	EndGlobalSection
EndGlobal
